{
  "requires": true,
  "lockfileVersion": 1,
  "dependencies": {
    "commander": {
      "version": "2.19.0",
      "resolved": "https://artifactory.cwp.pnp-hcl.com/artifactory/api/npm/v-ess-npm-dev/commander/-/commander-2.19.0.tgz",
      "integrity": "sha1-9hmKqE5bg8RgVLlN3tv+1e6f8So="
    },
    "source-map": {
      "version": "0.6.1",
      "resolved": "https://artifactory.cwp.pnp-hcl.com/artifactory/api/npm/v-ess-npm-dev/source-map/-/source-map-0.6.1.tgz",
      "integrity": "sha1-dHIq8y6WFOnCh6jQu95IteLxomM="
    },
    "uglify-js": {
      "version": "3.5.0",
      "resolved": "https://artifactory.cwp.pnp-hcl.com/artifactory/api/npm/v-ess-npm-dev/uglify-js/-/uglify-js-3.5.0.tgz",
      "integrity": "sha1-cs0kdzxJYQI/TykquVMRd6ACGJc=",
      "requires": {
        "commander": "~2.19.0",
        "source-map": "~0.6.1"
      }
    }
  }
}
